// !$*UTF8*$!
{
	archiveVersion = 1;
	classes = {
	};
	objectVersion = 46;
	objects = {

/* Begin PBXBuildFile section */
		990289CE16A61BD800B4E121 /* main.c in Sources */ = {isa = PBXBuildFile; fileRef = 990289CD16A61BD800B4E121 /* main.c */; };
		990289D016A61BD800B4E121 /* TwoFloats.1 in CopyFiles */ = {isa = PBXBuildFile; fileRef = 990289CF16A61BD800B4E121 /* TwoFloats.1 */; };
/* End PBXBuildFile section */

/* Begin PBXCopyFilesBuildPhase section */
		990289C716A61BD800B4E121 /* CopyFiles */ = {
			isa = PBXCopyFilesBuildPhase;
			buildActionMask = 2147483647;
			dstPath = /usr/share/man/man1/;
			dstSubfolderSpec = 0;
			files = (
				990289D016A61BD800B4E121 /* TwoFloats.1 in CopyFiles */,
			);
			runOnlyForDeploymentPostprocessing = 1;
		};
/* End PBXCopyFilesBuildPhase section */

/* Begin PBXFileReference section */
		990289C916A61BD800B4E121 /* TwoFloats */ = {isa = PBXFileReference; explicitFileType = "compiled.mach-o.executable"; includeInIndex = 0; path = TwoFloats; sourceTree = BUILT_PRODUCTS_DIR; };
		990289CD16A61BD800B4E121 /* main.c */ = {isa = PBXFileReference; lastKnownFileType = sourcecode.c.c; path = main.c; sourceTree = "<group>"; };
		990289CF16A61BD800B4E121 /* TwoFloats.1 */ = {isa = PBXFileReference; lastKnownFileType = text.man; path = TwoFloats.1; sourceTree = "<group>"; };
/* End PBXFileReference section */

/* Begin PBXFrameworksBuildPhase section */
		990289C616A61BD800B4E121 /* Frameworks */ = {
			isa = PBXFrameworksBuildPhase;
			buildActionMask = 2147483647;
			files = (
			);
			runOnlyForDeploymentPostprocessing = 0;
		};
/* End PBXFrameworksBuildPhase section */

/* Begin PBXGroup section */
		990289BE16A61BD800B4E121 = {
			isa = PBXGroup;
			children = (
				990289CC16A61BD800B4E121 /* TwoFloats */,
				990289CA16A61BD800B4E121 /* Products */,
			);
			sourceTree = "<group>";
		};
		990289CA16A61BD800B4E121 /* Products */ = {
			isa = PBXGroup;
			children = (
				990289C916A61BD800B4E121 /* TwoFloats */,
			);
			name = Products;
			sourceTree = "<group>";
		};
		990289CC16A61BD800B4E121 /* TwoFloats */ = {
			isa = PBXGroup;
			children = (
				990289CD16A61BD800B4E121 /* main.c */,
				990289CF16A61BD800B4E121 /* TwoFloats.1 */,
			);
			path = TwoFloats;
			sourceTree = "<group>";
		};
/* End PBXGroup section */

/* Begin PBXNativeTarget section */
		990289C816A61BD800B4E121 /* TwoFloats */ = {
			isa = PBXNativeTarget;
			buildConfigurationList = 990289D316A61BD800B4E121 /* Build configuration list for PBXNativeTarget "TwoFloats" */;
			buildPhases = (
				990289C516A61BD800B4E121 /* Sources */,
				990289C616A61BD800B4E121 /* Frameworks */,
				990289C716A61BD800B4E121 /* CopyFiles */,
			);
			buildRules = (
			);
			dependencies = (
			);
			name = TwoFloats;
			productName = TwoFloats;
			productReference = 990289C916A61BD800B4E121 /* TwoFloats */;
			productType = "com.apple.product-type.tool";
		};
/* End PBXNativeTarget section */

/* Begin PBXProject section */
		990289C016A61BD800B4E121 /* Project object */ = {
			isa = PBXProject;
			attributes = {
				LastUpgradeCheck = 0450;
				ORGANIZATIONNAME = "Jeff Kirsch";
			};
			buildConfigurationList = 990289C316A61BD800B4E121 /* Build configuration list for PBXProject "TwoFloats" */;
			compatibilityVersion = "Xcode 3.2";
			developmentRegion = English;
			hasScannedForEncodings = 0;
			knownRegions = (
				en,
			);
			mainGroup = 990289BE16A61BD800B4E121;
			productRefGroup = 990289CA16A61BD800B4E121 /* Products */;
			projectDirPath = "";
			projectRoot = "";
			targets = (
				990289C816A61BD800B4E121 /* TwoFloats */,
			);
		};
/* End PBXProject section */

/* Begin PBXSourcesBuildPhase section */
		990289C516A61BD800B4E121 /* Sources */ = {
			isa = PBXSourcesBuildPhase;
			buildActionMask = 2147483647;
			files = (
				990289CE16A61BD800B4E121 /* main.c in Sources */,
			);
			runOnlyForDeploymentPostprocessing = 0;
		};
/* End PBXSourcesBuildPhase section */

/* Begin XCBuildConfiguration section */
		990289D116A61BD800B4E121 /* Debug */ = {
			isa = XCBuildConfiguration;
			buildSettings = {
				ALWAYS_SEARCH_USER_PATHS = NO;
				ARCHS = "$(ARCHS_STANDARD_64_BIT)";
				CLANG_CXX_LANGUAGE_STANDARD = "gnu++0x";
				CLANG_CXX_LIBRARY = "libc++";
				CLANG_ENABLE_OBJC_ARC = YES;
				CLANG_WARN_EMPTY_BODY = YES;
				CLANG_WARN__DUPLICATE_METHOD_MATCH = YES;
				COPY_PHASE_STRIP = NO;
				GCC_C_LANGUAGE_STANDARD = gnu99;
				GCC_DYNAMIC_NO_PIC = NO;
				GCC_ENABLE_OBJC_EXCEPTIONS = YES;
				GCC_OPTIMIZATION_LEVEL = 0;
				GCC_PREPROCESSOR_DEFINITIONS = (
					"DEBUG=1",
					"$(inherited)",
				);
				GCC_SYMBOLS_PRIVATE_EXTERN = NO;
				GCC_WARN_64_TO_32_BIT_CONVERSION = YES;
				GCC_WARN_ABOUT_RETURN_TYPE = YES;
				GCC_WARN_UNINITIALIZED_AUTOS = YES;
				GCC_WARN_UNUSED_VARIABLE = YES;
				MACOSX_DEPLOYMENT_TARGET = 10.8;
				ONLY_ACTIVE_ARCH = YES;
				SDKROOT = macosx;
			};
			name = Debug;
		};
		990289D216A61BD800B4E121 /* Release */ = {
			isa = XCBuildConfiguration;
			buildSettings = {
				ALWAYS_SEARCH_USER_PATHS = NO;
				ARCHS = "$(ARCHS_STANDARD_64_BIT)";
				CLANG_CXX_LANGUAGE_STANDARD = "gnu++0x";
				CLANG_CXX_LIBRARY = "libc++";
				CLANG_ENABLE_OBJC_ARC = YES;
				CLANG_WARN_EMPTY_BODY = YES;
				CLANG_WARN__DUPLICATE_METHOD_MATCH = YES;
				COPY_PHASE_STRIP = YES;
				DEBUG_INFORMATION_FORMAT = "dwarf-with-dsym";
				GCC_C_LANGUAGE_STANDARD = gnu99;
				GCC_ENABLE_OBJC_EXCEPTIONS = YES;
				GCC_WARN_64_TO_32_BIT_CONVERSION = YES;
				GCC_WARN_ABOUT_RETURN_TYPE = YES;
				GCC_WARN_UNINITIALIZED_AUTOS = YES;
				GCC_WARN_UNUSED_VARIABLE = YES;
				MACOSX_DEPLOYMENT_TARGET = 10.8;
				SDKROOT = macosx;
			};
			name = Release;
		};
		990289D416A61BD800B4E121 /* Debug */ = {
			isa = XCBuildConfiguration;
			buildSettings = {
				PRODUCT_NAME = "$(TARGET_NAME)";
			};
			name = Debug;
		};
		990289D516A61BD800B4E121 /* Release */ = {
			isa = XCBuildConfiguration;
			buildSettings = {
				PRODUCT_NAME = "$(TARGET_NAME)";
			};
			name = Release;
		};
/* End XCBuildConfiguration section */

/* Begin XCConfigurationList section */
		990289C316A61BD800B4E121 /* Build configuration list for PBXProject "TwoFloats" */ = {
			isa = XCConfigurationList;
			buildConfigurations = (
				990289D116A61BD800B4E121 /* Debug */,
				990289D216A61BD800B4E121 /* Release */,
			);
			defaultConfigurationIsVisible = 0;
			defaultConfigurationName = Release;
		};
		990289D316A61BD800B4E121 /* Build configuration list for PBXNativeTarget "TwoFloats" */ = {
			isa = XCConfigurationList;
			buildConfigurations = (
				990289D416A61BD800B4E121 /* Debug */,
				990289D516A61BD800B4E121 /* Release */,
			);
			defaultConfigurationIsVisible = 0;
		};
/* End XCConfigurationList section */
	};
	rootObject = 990289C016A61BD800B4E121 /* Project object */;
}
